
Microsoft Visual Studio Solution File, Format Version 12.00
# Visual Studio Version 16
VisualStudioVersion = 16.0.30309.148
MinimumVisualStudioVersion = 10.0.40219.1
Project("{FAE04EC0-301F-11D3-BF4B-00C04F79EFBC}") = "Decentralize", "Decentralize\Decentralize.csproj", "{92FEE3FD-2069-4045-AFFF-6F70BC8476C2}"
EndProject
Global
	GlobalSection(SolutionConfigurationPlatforms) = preSolution
		Debug|Any CPU = Debug|Any CPU
		Release|Any CPU = Release|Any CPU
	EndGlobalSection
	GlobalSection(ProjectConfigurationPlatforms) = postSolution
		{92FEE3FD-2069-4045-AFFF-6F70BC8476C2}.Debug|Any CPU.ActiveCfg = Debug|Any CPU
		{92FEE3FD-2069-4045-AFFF-6F70BC8476C2}.Debug|Any CPU.Build.0 = Debug|Any CPU
		{92FEE3FD-2069-4045-AFFF-6F70BC8476C2}.Release|Any CPU.ActiveCfg = Release|Any CPU
		{92FEE3FD-2069-4045-AFFF-6F70BC8476C2}.Release|Any CPU.Build.0 = Release|Any CPU
	EndGlobalSection
	GlobalSection(SolutionProperties) = preSolution
		HideSolutionNode = FALSE
	EndGlobalSection
	GlobalSection(ExtensibilityGlobals) = postSolution
		SolutionGuid = {0551D573-2D5D-4749-9558-843FE213AAC7}
	EndGlobalSection
EndGlobal
